
Microsoft Visual Studio Solution File, Format Version 12.00
# Visual Studio Version 17
VisualStudioVersion = 17.5.001.0
MinimumVisualStudioVersion = 10.0.40219.1
Project("{9A19103F-16F7-4668-BE54-9A1E7A4F7556}") = "GoldApi", "GoldApi.csproj", "{DFCDA1D9-152F-42D0-ADA7-71DB18A139D8}"
EndProject
Global
	GlobalSection(SolutionConfigurationPlatforms) = preSolution
		Debug|Any CPU = Debug|Any CPU
		Release|Any CPU = Release|Any CPU
	EndGlobalSection
	GlobalSection(ProjectConfigurationPlatforms) = postSolution
		{DFCDA1D9-152F-42D0-ADA7-71DB18A139D8}.Debug|Any CPU.ActiveCfg = Debug|Any CPU
		{DFCDA1D9-152F-42D0-ADA7-71DB18A139D8}.Debug|Any CPU.Build.0 = Debug|Any CPU
		{DFCDA1D9-152F-42D0-ADA7-71DB18A139D8}.Release|Any CPU.ActiveCfg = Release|Any CPU
		{DFCDA1D9-152F-42D0-ADA7-71DB18A139D8}.Release|Any CPU.Build.0 = Release|Any CPU
	EndGlobalSection
	GlobalSection(SolutionProperties) = preSolution
		HideSolutionNode = FALSE
	EndGlobalSection
	GlobalSection(ExtensibilityGlobals) = postSolution
		SolutionGuid = {BE64BFAC-D81F-4FFE-B444-F148DA7CA61F}
	EndGlobalSection
EndGlobal
