
Microsoft Visual Studio Solution File, Format Version 12.00
# Visual Studio Version 17
VisualStudioVersion = 17.5.001.0
MinimumVisualStudioVersion = 10.0.40219.1
Project("{9A19103F-16F7-4668-BE54-9A1E7A4F7556}") = "GoldApi", "GoldApi.csproj", "{6C76AFF2-0381-457C-8840-0AB81EC22283}"
EndProject
Global
	GlobalSection(SolutionConfigurationPlatforms) = preSolution
		Debug|Any CPU = Debug|Any CPU
		Release|Any CPU = Release|Any CPU
	EndGlobalSection
	GlobalSection(ProjectConfigurationPlatforms) = postSolution
		{6C76AFF2-0381-457C-8840-0AB81EC22283}.Debug|Any CPU.ActiveCfg = Debug|Any CPU
		{6C76AFF2-0381-457C-8840-0AB81EC22283}.Debug|Any CPU.Build.0 = Debug|Any CPU
		{6C76AFF2-0381-457C-8840-0AB81EC22283}.Release|Any CPU.ActiveCfg = Release|Any CPU
		{6C76AFF2-0381-457C-8840-0AB81EC22283}.Release|Any CPU.Build.0 = Release|Any CPU
	EndGlobalSection
	GlobalSection(SolutionProperties) = preSolution
		HideSolutionNode = FALSE
	EndGlobalSection
	GlobalSection(ExtensibilityGlobals) = postSolution
		SolutionGuid = {AE40B0C0-867A-4F0A-9B8E-A5ED8F9A1AC0}
	EndGlobalSection
EndGlobal
